
Microsoft Visual Studio Solution File, Format Version 12.00
# Visual Studio Version 17
VisualStudioVersion = 17.10.34928.147
MinimumVisualStudioVersion = 10.0.40219.1
Project("{9A19103F-16F7-4668-BE54-9A1E7A4F7556}") = "Cars", "Cars.csproj", "{0D52717A-1AD2-414D-8401-3FAC1A405E25}"
	ProjectSection(ProjectDependencies) = postProject
		{C4A4CE5E-325D-4987-8C71-6C9B76AB85ED} = {C4A4CE5E-325D-4987-8C71-6C9B76AB85ED}
		{FF13FC24-77A7-4086-882D-6714FEC77FDE} = {FF13FC24-77A7-4086-882D-6714FEC77FDE}
	EndProjectSection
EndProject
Project("{9A19103F-16F7-4668-BE54-9A1E7A4F7556}") = "Cars.ApplicationService", "..\Cars.ApplicationService\Cars.ApplicationService.csproj", "{C4A4CE5E-325D-4987-8C71-6C9B76AB85ED}"
	ProjectSection(ProjectDependencies) = postProject
		{8C2435AA-5862-467A-B3DA-F4F85E9F8435} = {8C2435AA-5862-467A-B3DA-F4F85E9F8435}
		{FF13FC24-77A7-4086-882D-6714FEC77FDE} = {FF13FC24-77A7-4086-882D-6714FEC77FDE}
	EndProjectSection
EndProject
Project("{9A19103F-16F7-4668-BE54-9A1E7A4F7556}") = "Cars.Core", "..\Cars.Core\Cars.Core.csproj", "{8C2435AA-5862-467A-B3DA-F4F85E9F8435}"
EndProject
Project("{9A19103F-16F7-4668-BE54-9A1E7A4F7556}") = "Cars.Data", "..\Cars.Data\Cars.Data.csproj", "{FF13FC24-77A7-4086-882D-6714FEC77FDE}"
	ProjectSection(ProjectDependencies) = postProject
		{8C2435AA-5862-467A-B3DA-F4F85E9F8435} = {8C2435AA-5862-467A-B3DA-F4F85E9F8435}
	EndProjectSection
EndProject
Global
	GlobalSection(SolutionConfigurationPlatforms) = preSolution
		Debug|Any CPU = Debug|Any CPU
		Release|Any CPU = Release|Any CPU
	EndGlobalSection
	GlobalSection(ProjectConfigurationPlatforms) = postSolution
		{0D52717A-1AD2-414D-8401-3FAC1A405E25}.Debug|Any CPU.ActiveCfg = Debug|Any CPU
		{0D52717A-1AD2-414D-8401-3FAC1A405E25}.Debug|Any CPU.Build.0 = Debug|Any CPU
		{0D52717A-1AD2-414D-8401-3FAC1A405E25}.Release|Any CPU.ActiveCfg = Release|Any CPU
		{0D52717A-1AD2-414D-8401-3FAC1A405E25}.Release|Any CPU.Build.0 = Release|Any CPU
		{C4A4CE5E-325D-4987-8C71-6C9B76AB85ED}.Debug|Any CPU.ActiveCfg = Debug|Any CPU
		{C4A4CE5E-325D-4987-8C71-6C9B76AB85ED}.Debug|Any CPU.Build.0 = Debug|Any CPU
		{C4A4CE5E-325D-4987-8C71-6C9B76AB85ED}.Release|Any CPU.ActiveCfg = Release|Any CPU
		{C4A4CE5E-325D-4987-8C71-6C9B76AB85ED}.Release|Any CPU.Build.0 = Release|Any CPU
		{8C2435AA-5862-467A-B3DA-F4F85E9F8435}.Debug|Any CPU.ActiveCfg = Debug|Any CPU
		{8C2435AA-5862-467A-B3DA-F4F85E9F8435}.Debug|Any CPU.Build.0 = Debug|Any CPU
		{8C2435AA-5862-467A-B3DA-F4F85E9F8435}.Release|Any CPU.ActiveCfg = Release|Any CPU
		{8C2435AA-5862-467A-B3DA-F4F85E9F8435}.Release|Any CPU.Build.0 = Release|Any CPU
		{FF13FC24-77A7-4086-882D-6714FEC77FDE}.Debug|Any CPU.ActiveCfg = Debug|Any CPU
		{FF13FC24-77A7-4086-882D-6714FEC77FDE}.Debug|Any CPU.Build.0 = Debug|Any CPU
		{FF13FC24-77A7-4086-882D-6714FEC77FDE}.Release|Any CPU.ActiveCfg = Release|Any CPU
		{FF13FC24-77A7-4086-882D-6714FEC77FDE}.Release|Any CPU.Build.0 = Release|Any CPU
	EndGlobalSection
	GlobalSection(SolutionProperties) = preSolution
		HideSolutionNode = FALSE
	EndGlobalSection
	GlobalSection(ExtensibilityGlobals) = postSolution
		SolutionGuid = {5AAC95DF-E71F-44D8-A1D1-001954E7C9DB}
	EndGlobalSection
EndGlobal
